
Microsoft Visual Studio Solution File, Format Version 12.00
Project("{FAE04EC0-301F-11D3-BF4B-00C04F79EFBC}") = "WebApi", "WebApi\WebApi.csproj", "{F47B0103-3783-427F-9B2A-5913185F0A4B}"
EndProject
Global
	GlobalSection(SolutionConfigurationPlatforms) = preSolution
		Debug|Any CPU = Debug|Any CPU
		Release|Any CPU = Release|Any CPU
	EndGlobalSection
	GlobalSection(ProjectConfigurationPlatforms) = postSolution
		{F47B0103-3783-427F-9B2A-5913185F0A4B}.Debug|Any CPU.ActiveCfg = Debug|Any CPU
		{F47B0103-3783-427F-9B2A-5913185F0A4B}.Debug|Any CPU.Build.0 = Debug|Any CPU
		{F47B0103-3783-427F-9B2A-5913185F0A4B}.Release|Any CPU.ActiveCfg = Release|Any CPU
		{F47B0103-3783-427F-9B2A-5913185F0A4B}.Release|Any CPU.Build.0 = Release|Any CPU
	EndGlobalSection
EndGlobal
